
Microsoft Visual Studio Solution File, Format Version 12.00
# Visual Studio 15
VisualStudioVersion = 15.0.28010.2016
MinimumVisualStudioVersion = 10.0.40219.1
Project("{FAE04EC0-301F-11D3-BF4B-00C04F79EFBC}") = "FrontendWebRole", "FrontendWebRole\FrontendWebRole.csproj", "{4D67CE9E-F3BC-4A65-8FE0-6D3228F703C8}"
EndProject
Project("{FAE04EC0-301F-11D3-BF4B-00C04F79EFBC}") = "ProcessingRole", "ProcessingRole\ProcessingRole.csproj", "{685FD35A-482A-4DE4-A548-290C6BCC423E}"
EndProject
Project("{CC5FD16D-436D-48AD-A40C-5A424C6E3E79}") = "MultiTierApp", "MultiTierApp\MultiTierApp.ccproj", "{F4195FF5-DBF0-4407-80D8-FD34263D898D}"
EndProject
Project("{9A19103F-16F7-4668-BE54-9A1E7A4F7556}") = "ServiceBusQueueTriggerFunction", "ServiceBusQueueTriggerFunction\ServiceBusQueueTriggerFunction.csproj", "{5F09D099-84D2-4738-BECE-EFB04E32D43E}"
EndProject
Global
	GlobalSection(SolutionConfigurationPlatforms) = preSolution
		Debug|Any CPU = Debug|Any CPU
		Release|Any CPU = Release|Any CPU
	EndGlobalSection
	GlobalSection(ProjectConfigurationPlatforms) = postSolution
		{4D67CE9E-F3BC-4A65-8FE0-6D3228F703C8}.Debug|Any CPU.ActiveCfg = Debug|Any CPU
		{4D67CE9E-F3BC-4A65-8FE0-6D3228F703C8}.Debug|Any CPU.Build.0 = Debug|Any CPU
		{4D67CE9E-F3BC-4A65-8FE0-6D3228F703C8}.Release|Any CPU.ActiveCfg = Release|Any CPU
		{4D67CE9E-F3BC-4A65-8FE0-6D3228F703C8}.Release|Any CPU.Build.0 = Release|Any CPU
		{685FD35A-482A-4DE4-A548-290C6BCC423E}.Debug|Any CPU.ActiveCfg = Debug|Any CPU
		{685FD35A-482A-4DE4-A548-290C6BCC423E}.Debug|Any CPU.Build.0 = Debug|Any CPU
		{685FD35A-482A-4DE4-A548-290C6BCC423E}.Release|Any CPU.ActiveCfg = Release|Any CPU
		{685FD35A-482A-4DE4-A548-290C6BCC423E}.Release|Any CPU.Build.0 = Release|Any CPU
		{F4195FF5-DBF0-4407-80D8-FD34263D898D}.Debug|Any CPU.ActiveCfg = Debug|Any CPU
		{F4195FF5-DBF0-4407-80D8-FD34263D898D}.Debug|Any CPU.Build.0 = Debug|Any CPU
		{F4195FF5-DBF0-4407-80D8-FD34263D898D}.Release|Any CPU.ActiveCfg = Release|Any CPU
		{F4195FF5-DBF0-4407-80D8-FD34263D898D}.Release|Any CPU.Build.0 = Release|Any CPU
		{5F09D099-84D2-4738-BECE-EFB04E32D43E}.Debug|Any CPU.ActiveCfg = Debug|Any CPU
		{5F09D099-84D2-4738-BECE-EFB04E32D43E}.Debug|Any CPU.Build.0 = Debug|Any CPU
		{5F09D099-84D2-4738-BECE-EFB04E32D43E}.Release|Any CPU.ActiveCfg = Release|Any CPU
		{5F09D099-84D2-4738-BECE-EFB04E32D43E}.Release|Any CPU.Build.0 = Release|Any CPU
	EndGlobalSection
	GlobalSection(SolutionProperties) = preSolution
		HideSolutionNode = FALSE
	EndGlobalSection
	GlobalSection(ExtensibilityGlobals) = postSolution
		SolutionGuid = {3F885E1A-9404-4CCF-B223-92670657C0D8}
	EndGlobalSection
EndGlobal
